
Microsoft Visual Studio Solution File, Format Version 12.00
# Visual Studio Version 17
VisualStudioVersion = 17.7.34302.85
MinimumVisualStudioVersion = 10.0.40219.1
Project("{FAE04EC0-301F-11D3-BF4B-00C04F79EFBC}") = "FormLogger", "FormLogger\FormLogger.csproj", "{D30F7605-A153-40D9-AD1D-BF534A3AD5FC}"
EndProject
Project("{FAE04EC0-301F-11D3-BF4B-00C04F79EFBC}") = "Facade", "TestForm\Facade.csproj", "{3CFC9968-BF54-421A-B812-B456C66A092E}"
EndProject
Project("{FAE04EC0-301F-11D3-BF4B-00C04F79EFBC}") = "ClassMethInfo", "ClassMethLogger\ClassMethInfo.csproj", "{933C0C37-021A-494F-ADA2-CD356B81266A}"
EndProject
Global
	GlobalSection(SolutionConfigurationPlatforms) = preSolution
		Debug|Any CPU = Debug|Any CPU
		Release|Any CPU = Release|Any CPU
	EndGlobalSection
	GlobalSection(ProjectConfigurationPlatforms) = postSolution
		{D30F7605-A153-40D9-AD1D-BF534A3AD5FC}.Debug|Any CPU.ActiveCfg = Debug|Any CPU
		{D30F7605-A153-40D9-AD1D-BF534A3AD5FC}.Debug|Any CPU.Build.0 = Debug|Any CPU
		{D30F7605-A153-40D9-AD1D-BF534A3AD5FC}.Release|Any CPU.ActiveCfg = Release|Any CPU
		{D30F7605-A153-40D9-AD1D-BF534A3AD5FC}.Release|Any CPU.Build.0 = Release|Any CPU
		{3CFC9968-BF54-421A-B812-B456C66A092E}.Debug|Any CPU.ActiveCfg = Debug|Any CPU
		{3CFC9968-BF54-421A-B812-B456C66A092E}.Debug|Any CPU.Build.0 = Debug|Any CPU
		{3CFC9968-BF54-421A-B812-B456C66A092E}.Release|Any CPU.ActiveCfg = Release|Any CPU
		{3CFC9968-BF54-421A-B812-B456C66A092E}.Release|Any CPU.Build.0 = Release|Any CPU
		{933C0C37-021A-494F-ADA2-CD356B81266A}.Debug|Any CPU.ActiveCfg = Debug|Any CPU
		{933C0C37-021A-494F-ADA2-CD356B81266A}.Debug|Any CPU.Build.0 = Debug|Any CPU
		{933C0C37-021A-494F-ADA2-CD356B81266A}.Release|Any CPU.ActiveCfg = Release|Any CPU
		{933C0C37-021A-494F-ADA2-CD356B81266A}.Release|Any CPU.Build.0 = Release|Any CPU
	EndGlobalSection
	GlobalSection(SolutionProperties) = preSolution
		HideSolutionNode = FALSE
	EndGlobalSection
	GlobalSection(ExtensibilityGlobals) = postSolution
		SolutionGuid = {2BEAEA27-98E9-4F5A-B548-751A26C17AB9}
	EndGlobalSection
EndGlobal
